// !$*UTF8*$!
{
	archiveVersion = 1;
	classes = {
	};
	objectVersion = 46;
	objects = {

/* Begin PBXBuildFile section */
		9600100A1AAEC5780095B115 /* DetailViewController.swift in Sources */ = {isa = PBXBuildFile; fileRef = 960010091AAEC5780095B115 /* DetailViewController.swift */; };
		9600100C1AAEC8C10095B115 /* Restaurant.swift in Sources */ = {isa = PBXBuildFile; fileRef = 9600100B1AAEC8C10095B115 /* Restaurant.swift */; };
		960010121AAECE8E0095B115 /* DetailTableViewCell.swift in Sources */ = {isa = PBXBuildFile; fileRef = 960010111AAECE8E0095B115 /* DetailTableViewCell.swift */; };
		960010141AAFE9860095B115 /* ReviewViewController.swift in Sources */ = {isa = PBXBuildFile; fileRef = 960010131AAFE9860095B115 /* ReviewViewController.swift */; };
		960010161AB00A230095B115 /* ShareViewController.swift in Sources */ = {isa = PBXBuildFile; fileRef = 960010151AB00A230095B115 /* ShareViewController.swift */; };
		960010181AB0172F0095B115 /* MapKit.framework in Frameworks */ = {isa = PBXBuildFile; fileRef = 960010171AB0172F0095B115 /* MapKit.framework */; };
		9600101A1AB027F90095B115 /* MapViewController.swift in Sources */ = {isa = PBXBuildFile; fileRef = 960010191AB027F90095B115 /* MapViewController.swift */; };
		961270711AAD6ED200CCF288 /* AppDelegate.swift in Sources */ = {isa = PBXBuildFile; fileRef = 961270701AAD6ED200CCF288 /* AppDelegate.swift */; };
		961270761AAD6ED200CCF288 /* Main.storyboard in Resources */ = {isa = PBXBuildFile; fileRef = 961270741AAD6ED200CCF288 /* Main.storyboard */; };
		961270781AAD6ED200CCF288 /* Images.xcassets in Resources */ = {isa = PBXBuildFile; fileRef = 961270771AAD6ED200CCF288 /* Images.xcassets */; };
		9612707B1AAD6ED200CCF288 /* LaunchScreen.xib in Resources */ = {isa = PBXBuildFile; fileRef = 961270791AAD6ED200CCF288 /* LaunchScreen.xib */; };
		961270871AAD6ED200CCF288 /* FoodPinTests.swift in Sources */ = {isa = PBXBuildFile; fileRef = 961270861AAD6ED200CCF288 /* FoodPinTests.swift */; };
		961270911AAD6F1600CCF288 /* RestaurantTableViewController.swift in Sources */ = {isa = PBXBuildFile; fileRef = 961270901AAD6F1600CCF288 /* RestaurantTableViewController.swift */; };
		961270931AAD7FAB00CCF288 /* CustomTableViewCell.swift in Sources */ = {isa = PBXBuildFile; fileRef = 961270921AAD7FAB00CCF288 /* CustomTableViewCell.swift */; };
/* End PBXBuildFile section */

/* Begin PBXContainerItemProxy section */
		961270811AAD6ED200CCF288 /* PBXContainerItemProxy */ = {
			isa = PBXContainerItemProxy;
			containerPortal = 961270631AAD6ED200CCF288 /* Project object */;
			proxyType = 1;
			remoteGlobalIDString = 9612706A1AAD6ED200CCF288;
			remoteInfo = FoodPin;
		};
/* End PBXContainerItemProxy section */

/* Begin PBXFileReference section */
		960010091AAEC5780095B115 /* DetailViewController.swift */ = {isa = PBXFileReference; fileEncoding = 4; lastKnownFileType = sourcecode.swift; path = DetailViewController.swift; sourceTree = "<group>"; };
		9600100B1AAEC8C10095B115 /* Restaurant.swift */ = {isa = PBXFileReference; fileEncoding = 4; lastKnownFileType = sourcecode.swift; path = Restaurant.swift; sourceTree = "<group>"; };
		960010111AAECE8E0095B115 /* DetailTableViewCell.swift */ = {isa = PBXFileReference; fileEncoding = 4; lastKnownFileType = sourcecode.swift; path = DetailTableViewCell.swift; sourceTree = "<group>"; };
		960010131AAFE9860095B115 /* ReviewViewController.swift */ = {isa = PBXFileReference; fileEncoding = 4; lastKnownFileType = sourcecode.swift; path = ReviewViewController.swift; sourceTree = "<group>"; };
		960010151AB00A230095B115 /* ShareViewController.swift */ = {isa = PBXFileReference; fileEncoding = 4; lastKnownFileType = sourcecode.swift; path = ShareViewController.swift; sourceTree = "<group>"; };
		960010171AB0172F0095B115 /* MapKit.framework */ = {isa = PBXFileReference; lastKnownFileType = wrapper.framework; name = MapKit.framework; path = System/Library/Frameworks/MapKit.framework; sourceTree = SDKROOT; };
		960010191AB027F90095B115 /* MapViewController.swift */ = {isa = PBXFileReference; fileEncoding = 4; lastKnownFileType = sourcecode.swift; path = MapViewController.swift; sourceTree = "<group>"; };
		9612706B1AAD6ED200CCF288 /* FoodPin.app */ = {isa = PBXFileReference; explicitFileType = wrapper.application; includeInIndex = 0; path = FoodPin.app; sourceTree = BUILT_PRODUCTS_DIR; };
		9612706F1AAD6ED200CCF288 /* Info.plist */ = {isa = PBXFileReference; lastKnownFileType = text.plist.xml; path = Info.plist; sourceTree = "<group>"; };
		961270701AAD6ED200CCF288 /* AppDelegate.swift */ = {isa = PBXFileReference; lastKnownFileType = sourcecode.swift; path = AppDelegate.swift; sourceTree = "<group>"; };
		961270751AAD6ED200CCF288 /* Base */ = {isa = PBXFileReference; lastKnownFileType = file.storyboard; name = Base; path = Base.lproj/Main.storyboard; sourceTree = "<group>"; };
		961270771AAD6ED200CCF288 /* Images.xcassets */ = {isa = PBXFileReference; lastKnownFileType = folder.assetcatalog; path = Images.xcassets; sourceTree = "<group>"; };
		9612707A1AAD6ED200CCF288 /* Base */ = {isa = PBXFileReference; lastKnownFileType = file.xib; name = Base; path = Base.lproj/LaunchScreen.xib; sourceTree = "<group>"; };
		961270801AAD6ED200CCF288 /* FoodPinTests.xctest */ = {isa = PBXFileReference; explicitFileType = wrapper.cfbundle; includeInIndex = 0; path = FoodPinTests.xctest; sourceTree = BUILT_PRODUCTS_DIR; };
		961270851AAD6ED200CCF288 /* Info.plist */ = {isa = PBXFileReference; lastKnownFileType = text.plist.xml; path = Info.plist; sourceTree = "<group>"; };
		961270861AAD6ED200CCF288 /* FoodPinTests.swift */ = {isa = PBXFileReference; lastKnownFileType = sourcecode.swift; path = FoodPinTests.swift; sourceTree = "<group>"; };
		961270901AAD6F1600CCF288 /* RestaurantTableViewController.swift */ = {isa = PBXFileReference; fileEncoding = 4; lastKnownFileType = sourcecode.swift; path = RestaurantTableViewController.swift; sourceTree = "<group>"; };
		961270921AAD7FAB00CCF288 /* CustomTableViewCell.swift */ = {isa = PBXFileReference; fileEncoding = 4; lastKnownFileType = sourcecode.swift; path = CustomTableViewCell.swift; sourceTree = "<group>"; };
/* End PBXFileReference section */

/* Begin PBXFrameworksBuildPhase section */
		961270681AAD6ED200CCF288 /* Frameworks */ = {
			isa = PBXFrameworksBuildPhase;
			buildActionMask = 2147483647;
			files = (
				960010181AB0172F0095B115 /* MapKit.framework in Frameworks */,
			);
			runOnlyForDeploymentPostprocessing = 0;
		};
		9612707D1AAD6ED200CCF288 /* Frameworks */ = {
			isa = PBXFrameworksBuildPhase;
			buildActionMask = 2147483647;
			files = (
			);
			runOnlyForDeploymentPostprocessing = 0;
		};
/* End PBXFrameworksBuildPhase section */

/* Begin PBXGroup section */
		961270621AAD6ED200CCF288 = {
			isa = PBXGroup;
			children = (
				960010171AB0172F0095B115 /* MapKit.framework */,
				9612706D1AAD6ED200CCF288 /* FoodPin */,
				961270831AAD6ED200CCF288 /* FoodPinTests */,
				9612706C1AAD6ED200CCF288 /* Products */,
			);
			sourceTree = "<group>";
		};
		9612706C1AAD6ED200CCF288 /* Products */ = {
			isa = PBXGroup;
			children = (
				9612706B1AAD6ED200CCF288 /* FoodPin.app */,
				961270801AAD6ED200CCF288 /* FoodPinTests.xctest */,
			);
			name = Products;
			sourceTree = "<group>";
		};
		9612706D1AAD6ED200CCF288 /* FoodPin */ = {
			isa = PBXGroup;
			children = (
				961270701AAD6ED200CCF288 /* AppDelegate.swift */,
				961270901AAD6F1600CCF288 /* RestaurantTableViewController.swift */,
				961270921AAD7FAB00CCF288 /* CustomTableViewCell.swift */,
				960010091AAEC5780095B115 /* DetailViewController.swift */,
				960010111AAECE8E0095B115 /* DetailTableViewCell.swift */,
				960010131AAFE9860095B115 /* ReviewViewController.swift */,
				960010151AB00A230095B115 /* ShareViewController.swift */,
				960010191AB027F90095B115 /* MapViewController.swift */,
				9600100B1AAEC8C10095B115 /* Restaurant.swift */,
				961270741AAD6ED200CCF288 /* Main.storyboard */,
				961270771AAD6ED200CCF288 /* Images.xcassets */,
				961270791AAD6ED200CCF288 /* LaunchScreen.xib */,
				9612706E1AAD6ED200CCF288 /* Supporting Files */,
			);
			path = FoodPin;
			sourceTree = "<group>";
		};
		9612706E1AAD6ED200CCF288 /* Supporting Files */ = {
			isa = PBXGroup;
			children = (
				9612706F1AAD6ED200CCF288 /* Info.plist */,
			);
			name = "Supporting Files";
			sourceTree = "<group>";
		};
		961270831AAD6ED200CCF288 /* FoodPinTests */ = {
			isa = PBXGroup;
			children = (
				961270861AAD6ED200CCF288 /* FoodPinTests.swift */,
				961270841AAD6ED200CCF288 /* Supporting Files */,
			);
			path = FoodPinTests;
			sourceTree = "<group>";
		};
		961270841AAD6ED200CCF288 /* Supporting Files */ = {
			isa = PBXGroup;
			children = (
				961270851AAD6ED200CCF288 /* Info.plist */,
			);
			name = "Supporting Files";
			sourceTree = "<group>";
		};
/* End PBXGroup section */

/* Begin PBXNativeTarget section */
		9612706A1AAD6ED200CCF288 /* FoodPin */ = {
			isa = PBXNativeTarget;
			buildConfigurationList = 9612708A1AAD6ED200CCF288 /* Build configuration list for PBXNativeTarget "FoodPin" */;
			buildPhases = (
				961270671AAD6ED200CCF288 /* Sources */,
				961270681AAD6ED200CCF288 /* Frameworks */,
				961270691AAD6ED200CCF288 /* Resources */,
			);
			buildRules = (
			);
			dependencies = (
			);
			name = FoodPin;
			productName = FoodPin;
			productReference = 9612706B1AAD6ED200CCF288 /* FoodPin.app */;
			productType = "com.apple.product-type.application";
		};
		9612707F1AAD6ED200CCF288 /* FoodPinTests */ = {
			isa = PBXNativeTarget;
			buildConfigurationList = 9612708D1AAD6ED200CCF288 /* Build configuration list for PBXNativeTarget "FoodPinTests" */;
			buildPhases = (
				9612707C1AAD6ED200CCF288 /* Sources */,
				9612707D1AAD6ED200CCF288 /* Frameworks */,
				9612707E1AAD6ED200CCF288 /* Resources */,
			);
			buildRules = (
			);
			dependencies = (
				961270821AAD6ED200CCF288 /* PBXTargetDependency */,
			);
			name = FoodPinTests;
			productName = FoodPinTests;
			productReference = 961270801AAD6ED200CCF288 /* FoodPinTests.xctest */;
			productType = "com.apple.product-type.bundle.unit-test";
		};
/* End PBXNativeTarget section */

/* Begin PBXProject section */
		961270631AAD6ED200CCF288 /* Project object */ = {
			isa = PBXProject;
			attributes = {
				LastUpgradeCheck = 0610;
				ORGANIZATIONNAME = com.cnipr;
				TargetAttributes = {
					9612706A1AAD6ED200CCF288 = {
						CreatedOnToolsVersion = 6.1;
						SystemCapabilities = {
							com.apple.Maps.iOS = {
								enabled = 1;
							};
						};
					};
					9612707F1AAD6ED200CCF288 = {
						CreatedOnToolsVersion = 6.1;
						TestTargetID = 9612706A1AAD6ED200CCF288;
					};
				};
			};
			buildConfigurationList = 961270661AAD6ED200CCF288 /* Build configuration list for PBXProject "FoodPin" */;
			compatibilityVersion = "Xcode 3.2";
			developmentRegion = English;
			hasScannedForEncodings = 0;
			knownRegions = (
				en,
				Base,
			);
			mainGroup = 961270621AAD6ED200CCF288;
			productRefGroup = 9612706C1AAD6ED200CCF288 /* Products */;
			projectDirPath = "";
			projectRoot = "";
			targets = (
				9612706A1AAD6ED200CCF288 /* FoodPin */,
				9612707F1AAD6ED200CCF288 /* FoodPinTests */,
			);
		};
/* End PBXProject section */

/* Begin PBXResourcesBuildPhase section */
		961270691AAD6ED200CCF288 /* Resources */ = {
			isa = PBXResourcesBuildPhase;
			buildActionMask = 2147483647;
			files = (
				961270761AAD6ED200CCF288 /* Main.storyboard in Resources */,
				9612707B1AAD6ED200CCF288 /* LaunchScreen.xib in Resources */,
				961270781AAD6ED200CCF288 /* Images.xcassets in Resources */,
			);
			runOnlyForDeploymentPostprocessing = 0;
		};
		9612707E1AAD6ED200CCF288 /* Resources */ = {
			isa = PBXResourcesBuildPhase;
			buildActionMask = 2147483647;
			files = (
			);
			runOnlyForDeploymentPostprocessing = 0;
		};
/* End PBXResourcesBuildPhase section */

/* Begin PBXSourcesBuildPhase section */
		961270671AAD6ED200CCF288 /* Sources */ = {
			isa = PBXSourcesBuildPhase;
			buildActionMask = 2147483647;
			files = (
				960010121AAECE8E0095B115 /* DetailTableViewCell.swift in Sources */,
				9600100C1AAEC8C10095B115 /* Restaurant.swift in Sources */,
				960010141AAFE9860095B115 /* ReviewViewController.swift in Sources */,
				961270931AAD7FAB00CCF288 /* CustomTableViewCell.swift in Sources */,
				9600101A1AB027F90095B115 /* MapViewController.swift in Sources */,
				961270911AAD6F1600CCF288 /* RestaurantTableViewController.swift in Sources */,
				961270711AAD6ED200CCF288 /* AppDelegate.swift in Sources */,
				960010161AB00A230095B115 /* ShareViewController.swift in Sources */,
				9600100A1AAEC5780095B115 /* DetailViewController.swift in Sources */,
			);
			runOnlyForDeploymentPostprocessing = 0;
		};
		9612707C1AAD6ED200CCF288 /* Sources */ = {
			isa = PBXSourcesBuildPhase;
			buildActionMask = 2147483647;
			files = (
				961270871AAD6ED200CCF288 /* FoodPinTests.swift in Sources */,
			);
			runOnlyForDeploymentPostprocessing = 0;
		};
/* End PBXSourcesBuildPhase section */

/* Begin PBXTargetDependency section */
		961270821AAD6ED200CCF288 /* PBXTargetDependency */ = {
			isa = PBXTargetDependency;
			target = 9612706A1AAD6ED200CCF288 /* FoodPin */;
			targetProxy = 961270811AAD6ED200CCF288 /* PBXContainerItemProxy */;
		};
/* End PBXTargetDependency section */

/* Begin PBXVariantGroup section */
		961270741AAD6ED200CCF288 /* Main.storyboard */ = {
			isa = PBXVariantGroup;
			children = (
				961270751AAD6ED200CCF288 /* Base */,
			);
			name = Main.storyboard;
			sourceTree = "<group>";
		};
		961270791AAD6ED200CCF288 /* LaunchScreen.xib */ = {
			isa = PBXVariantGroup;
			children = (
				9612707A1AAD6ED200CCF288 /* Base */,
			);
			name = LaunchScreen.xib;
			sourceTree = "<group>";
		};
/* End PBXVariantGroup section */

/* Begin XCBuildConfiguration section */
		961270881AAD6ED200CCF288 /* Debug */ = {
			isa = XCBuildConfiguration;
			buildSettings = {
				ALWAYS_SEARCH_USER_PATHS = NO;
				CLANG_CXX_LANGUAGE_STANDARD = "gnu++0x";
				CLANG_CXX_LIBRARY = "libc++";
				CLANG_ENABLE_MODULES = YES;
				CLANG_ENABLE_OBJC_ARC = YES;
				CLANG_WARN_BOOL_CONVERSION = YES;
				CLANG_WARN_CONSTANT_CONVERSION = YES;
				CLANG_WARN_DIRECT_OBJC_ISA_USAGE = YES_ERROR;
				CLANG_WARN_EMPTY_BODY = YES;
				CLANG_WARN_ENUM_CONVERSION = YES;
				CLANG_WARN_INT_CONVERSION = YES;
				CLANG_WARN_OBJC_ROOT_CLASS = YES_ERROR;
				CLANG_WARN_UNREACHABLE_CODE = YES;
				CLANG_WARN__DUPLICATE_METHOD_MATCH = YES;
				"CODE_SIGN_IDENTITY[sdk=iphoneos*]" = "iPhone Developer";
				COPY_PHASE_STRIP = NO;
				ENABLE_STRICT_OBJC_MSGSEND = YES;
				GCC_C_LANGUAGE_STANDARD = gnu99;
				GCC_DYNAMIC_NO_PIC = NO;
				GCC_OPTIMIZATION_LEVEL = 0;
				GCC_PREPROCESSOR_DEFINITIONS = (
					"DEBUG=1",
					"$(inherited)",
				);
				GCC_SYMBOLS_PRIVATE_EXTERN = NO;
				GCC_WARN_64_TO_32_BIT_CONVERSION = YES;
				GCC_WARN_ABOUT_RETURN_TYPE = YES_ERROR;
				GCC_WARN_UNDECLARED_SELECTOR = YES;
				GCC_WARN_UNINITIALIZED_AUTOS = YES_AGGRESSIVE;
				GCC_WARN_UNUSED_FUNCTION = YES;
				GCC_WARN_UNUSED_VARIABLE = YES;
				IPHONEOS_DEPLOYMENT_TARGET = 8.1;
				MTL_ENABLE_DEBUG_INFO = YES;
				ONLY_ACTIVE_ARCH = YES;
				SDKROOT = iphoneos;
				SWIFT_OPTIMIZATION_LEVEL = "-Onone";
			};
			name = Debug;
		};
		961270891AAD6ED200CCF288 /* Release */ = {
			isa = XCBuildConfiguration;
			buildSettings = {
				ALWAYS_SEARCH_USER_PATHS = NO;
				CLANG_CXX_LANGUAGE_STANDARD = "gnu++0x";
				CLANG_CXX_LIBRARY = "libc++";
				CLANG_ENABLE_MODULES = YES;
				CLANG_ENABLE_OBJC_ARC = YES;
				CLANG_WARN_BOOL_CONVERSION = YES;
				CLANG_WARN_CONSTANT_CONVERSION = YES;
				CLANG_WARN_DIRECT_OBJC_ISA_USAGE = YES_ERROR;
				CLANG_WARN_EMPTY_BODY = YES;
				CLANG_WARN_ENUM_CONVERSION = YES;
				CLANG_WARN_INT_CONVERSION = YES;
				CLANG_WARN_OBJC_ROOT_CLASS = YES_ERROR;
				CLANG_WARN_UNREACHABLE_CODE = YES;
				CLANG_WARN__DUPLICATE_METHOD_MATCH = YES;
				"CODE_SIGN_IDENTITY[sdk=iphoneos*]" = "iPhone Developer";
				COPY_PHASE_STRIP = YES;
				ENABLE_NS_ASSERTIONS = NO;
				ENABLE_STRICT_OBJC_MSGSEND = YES;
				GCC_C_LANGUAGE_STANDARD = gnu99;
				GCC_WARN_64_TO_32_BIT_CONVERSION = YES;
				GCC_WARN_ABOUT_RETURN_TYPE = YES_ERROR;
				GCC_WARN_UNDECLARED_SELECTOR = YES;
				GCC_WARN_UNINITIALIZED_AUTOS = YES_AGGRESSIVE;
				GCC_WARN_UNUSED_FUNCTION = YES;
				GCC_WARN_UNUSED_VARIABLE = YES;
				IPHONEOS_DEPLOYMENT_TARGET = 8.1;
				MTL_ENABLE_DEBUG_INFO = NO;
				SDKROOT = iphoneos;
				VALIDATE_PRODUCT = YES;
			};
			name = Release;
		};
		9612708B1AAD6ED200CCF288 /* Debug */ = {
			isa = XCBuildConfiguration;
			buildSettings = {
				ASSETCATALOG_COMPILER_APPICON_NAME = AppIcon;
				INFOPLIST_FILE = FoodPin/Info.plist;
				LD_RUNPATH_SEARCH_PATHS = "$(inherited) @executable_path/Frameworks";
				PRODUCT_NAME = "$(TARGET_NAME)";
			};
			name = Debug;
		};
		9612708C1AAD6ED200CCF288 /* Release */ = {
			isa = XCBuildConfiguration;
			buildSettings = {
				ASSETCATALOG_COMPILER_APPICON_NAME = AppIcon;
				INFOPLIST_FILE = FoodPin/Info.plist;
				LD_RUNPATH_SEARCH_PATHS = "$(inherited) @executable_path/Frameworks";
				PRODUCT_NAME = "$(TARGET_NAME)";
			};
			name = Release;
		};
		9612708E1AAD6ED200CCF288 /* Debug */ = {
			isa = XCBuildConfiguration;
			buildSettings = {
				BUNDLE_LOADER = "$(TEST_HOST)";
				FRAMEWORK_SEARCH_PATHS = (
					"$(SDKROOT)/Developer/Library/Frameworks",
					"$(inherited)",
				);
				GCC_PREPROCESSOR_DEFINITIONS = (
					"DEBUG=1",
					"$(inherited)",
				);
				INFOPLIST_FILE = FoodPinTests/Info.plist;
				LD_RUNPATH_SEARCH_PATHS = "$(inherited) @executable_path/Frameworks @loader_path/Frameworks";
				PRODUCT_NAME = "$(TARGET_NAME)";
				TEST_HOST = "$(BUILT_PRODUCTS_DIR)/FoodPin.app/FoodPin";
			};
			name = Debug;
		};
		9612708F1AAD6ED200CCF288 /* Release */ = {
			isa = XCBuildConfiguration;
			buildSettings = {
				BUNDLE_LOADER = "$(TEST_HOST)";
				FRAMEWORK_SEARCH_PATHS = (
					"$(SDKROOT)/Developer/Library/Frameworks",
					"$(inherited)",
				);
				INFOPLIST_FILE = FoodPinTests/Info.plist;
				LD_RUNPATH_SEARCH_PATHS = "$(inherited) @executable_path/Frameworks @loader_path/Frameworks";
				PRODUCT_NAME = "$(TARGET_NAME)";
				TEST_HOST = "$(BUILT_PRODUCTS_DIR)/FoodPin.app/FoodPin";
			};
			name = Release;
		};
/* End XCBuildConfiguration section */

/* Begin XCConfigurationList section */
		961270661AAD6ED200CCF288 /* Build configuration list for PBXProject "FoodPin" */ = {
			isa = XCConfigurationList;
			buildConfigurations = (
				961270881AAD6ED200CCF288 /* Debug */,
				961270891AAD6ED200CCF288 /* Release */,
			);
			defaultConfigurationIsVisible = 0;
			defaultConfigurationName = Release;
		};
		9612708A1AAD6ED200CCF288 /* Build configuration list for PBXNativeTarget "FoodPin" */ = {
			isa = XCConfigurationList;
			buildConfigurations = (
				9612708B1AAD6ED200CCF288 /* Debug */,
				9612708C1AAD6ED200CCF288 /* Release */,
			);
			defaultConfigurationIsVisible = 0;
			defaultConfigurationName = Release;
		};
		9612708D1AAD6ED200CCF288 /* Build configuration list for PBXNativeTarget "FoodPinTests" */ = {
			isa = XCConfigurationList;
			buildConfigurations = (
				9612708E1AAD6ED200CCF288 /* Debug */,
				9612708F1AAD6ED200CCF288 /* Release */,
			);
			defaultConfigurationIsVisible = 0;
			defaultConfigurationName = Release;
		};
/* End XCConfigurationList section */
	};
	rootObject = 961270631AAD6ED200CCF288 /* Project object */;
}
